
Microsoft Visual Studio Solution File, Format Version 12.00
# Visual Studio Version 16
VisualStudioVersion = 16.0.30002.166
MinimumVisualStudioVersion = 10.0.40219.1
Project("{FAE04EC0-301F-11D3-BF4B-00C04F79EFBC}") = "MessageReceiver", "RabbitMQWrongData\MessageReceiver.csproj", "{44318AA7-A18B-4DE7-9F23-47C644EC19D2}"
EndProject
Project("{FAE04EC0-301F-11D3-BF4B-00C04F79EFBC}") = "MessageSender", "MessageSender\MessageSender.csproj", "{7F559DFB-9E97-4E40-9FE0-29FFE4221146}"
EndProject
Project("{FAE04EC0-301F-11D3-BF4B-00C04F79EFBC}") = "Common", "Common\Common.csproj", "{5FD3B4C4-F256-45AB-B9B0-F06BF5C25CDC}"
EndProject
Global
	GlobalSection(SolutionConfigurationPlatforms) = preSolution
		Debug|Any CPU = Debug|Any CPU
		Release|Any CPU = Release|Any CPU
	EndGlobalSection
	GlobalSection(ProjectConfigurationPlatforms) = postSolution
		{44318AA7-A18B-4DE7-9F23-47C644EC19D2}.Debug|Any CPU.ActiveCfg = Debug|Any CPU
		{44318AA7-A18B-4DE7-9F23-47C644EC19D2}.Debug|Any CPU.Build.0 = Debug|Any CPU
		{44318AA7-A18B-4DE7-9F23-47C644EC19D2}.Release|Any CPU.ActiveCfg = Release|Any CPU
		{44318AA7-A18B-4DE7-9F23-47C644EC19D2}.Release|Any CPU.Build.0 = Release|Any CPU
		{7F559DFB-9E97-4E40-9FE0-29FFE4221146}.Debug|Any CPU.ActiveCfg = Debug|Any CPU
		{7F559DFB-9E97-4E40-9FE0-29FFE4221146}.Debug|Any CPU.Build.0 = Debug|Any CPU
		{7F559DFB-9E97-4E40-9FE0-29FFE4221146}.Release|Any CPU.ActiveCfg = Release|Any CPU
		{7F559DFB-9E97-4E40-9FE0-29FFE4221146}.Release|Any CPU.Build.0 = Release|Any CPU
		{5FD3B4C4-F256-45AB-B9B0-F06BF5C25CDC}.Debug|Any CPU.ActiveCfg = Debug|Any CPU
		{5FD3B4C4-F256-45AB-B9B0-F06BF5C25CDC}.Debug|Any CPU.Build.0 = Debug|Any CPU
		{5FD3B4C4-F256-45AB-B9B0-F06BF5C25CDC}.Release|Any CPU.ActiveCfg = Release|Any CPU
		{5FD3B4C4-F256-45AB-B9B0-F06BF5C25CDC}.Release|Any CPU.Build.0 = Release|Any CPU
	EndGlobalSection
	GlobalSection(SolutionProperties) = preSolution
		HideSolutionNode = FALSE
	EndGlobalSection
	GlobalSection(ExtensibilityGlobals) = postSolution
		SolutionGuid = {94880C8D-5FDD-4396-AFAE-86E93634294B}
	EndGlobalSection
EndGlobal
